<?xml version="1.0" encoding="utf-8"?>
<Project ToolsVersion="4.0" xmlns="http://schemas.microsoft.com/developer/msbuild/2003">
  <ItemGroup>
    <Filter Include="Form Files">
      <UniqueIdentifier>{99349809-55BA-4b9d-BF79-8FDBB0286EB3}</UniqueIdentifier>
      <Extensions>ui</Extensions>
      <ParseFiles>false</ParseFiles>
    </Filter>
    <Filter Include="Form Files">
      <UniqueIdentifier>{99349809-55BA-4b9d-BF79-8FDBB0286EB3}</UniqueIdentifier>
      <Extensions>ui</Extensions>
      <ParseFiles>false</ParseFiles>
    </Filter>
    <Filter Include="Generated Files">
      <UniqueIdentifier>{71ED8ED8-ACB9-4CE9-BBE1-E00B30144E11}</UniqueIdentifier>
      <Extensions>cpp;c;cxx;moc;h;def;odl;idl;res;</Extensions>
    </Filter>
    <Filter Include="Generated Files">
      <UniqueIdentifier>{71ED8ED8-ACB9-4CE9-BBE1-E00B30144E11}</UniqueIdentifier>
      <Extensions>cpp;c;cxx;moc;h;def;odl;idl;res;</Extensions>
    </Filter>
    <Filter Include="Header Files">
      <UniqueIdentifier>{93995380-89BD-4b04-88EB-625FBE52EBFB}</UniqueIdentifier>
      <Extensions>h;hpp;hxx;hm;inl;inc;xsd</Extensions>
    </Filter>
    <Filter Include="Header Files">
      <UniqueIdentifier>{93995380-89BD-4b04-88EB-625FBE52EBFB}</UniqueIdentifier>
      <Extensions>h;hpp;hxx;hm;inl;inc;xsd</Extensions>
    </Filter>
    <Filter Include="Resource Files">
      <UniqueIdentifier>{D9D6E242-F8AF-46E4-B9FD-80ECBC20BA3E}</UniqueIdentifier>
      <Extensions>qrc;*</Extensions>
      <ParseFiles>false</ParseFiles>
    </Filter>
    <Filter Include="Resource Files">
      <UniqueIdentifier>{D9D6E242-F8AF-46E4-B9FD-80ECBC20BA3E}</UniqueIdentifier>
      <Extensions>qrc;*</Extensions>
      <ParseFiles>false</ParseFiles>
    </Filter>
    <Filter Include="Source Files">
      <UniqueIdentifier>{4FC737F1-C7A5-4376-A066-2A32D752A2FF}</UniqueIdentifier>
      <Extensions>cpp;c;cxx;def;odl;idl;hpj;bat;asm;asmx</Extensions>
    </Filter>
    <Filter Include="Source Files">
      <UniqueIdentifier>{4FC737F1-C7A5-4376-A066-2A32D752A2FF}</UniqueIdentifier>
      <Extensions>cpp;c;cxx;def;odl;idl;hpj;bat;asm;asmx</Extensions>
    </Filter>
    <Filter Include="Translation Files">
      <UniqueIdentifier>{639EADAA-A684-42e4-A9AD-28FC9BCB8F7C}</UniqueIdentifier>
      <Extensions>ts;xlf</Extensions>
      <ParseFiles>false</ParseFiles>
    </Filter>
    <Filter Include="Translation Files">
      <UniqueIdentifier>{639EADAA-A684-42e4-A9AD-28FC9BCB8F7C}</UniqueIdentifier>
      <Extensions>ts;xlf</Extensions>
      <ParseFiles>false</ParseFiles>
    </Filter>
    <Filter Include="Source Files\generation">
      <UniqueIdentifier>{8be56f03-a68c-4f38-abad-5462ed78c53b}</UniqueIdentifier>
    </Filter>
    <Filter Include="Source Files\global">
      <UniqueIdentifier>{8024efb9-553a-4472-879f-f5fd44e2dd5f}</UniqueIdentifier>
    </Filter>
    <Filter Include="Source Files\ui">
      <UniqueIdentifier>{69ec6ce7-93ee-4d15-b1c9-651ed3b3889e}</UniqueIdentifier>
    </Filter>
    <Filter Include="Header Files\generation">
      <UniqueIdentifier>{448fc59c-bc18-4f91-9c44-0f59b218913f}</UniqueIdentifier>
    </Filter>
    <Filter Include="Header Files\global">
      <UniqueIdentifier>{49e10831-d3f7-4730-a915-d6f3036fbf3a}</UniqueIdentifier>
    </Filter>
    <Filter Include="Header Files\ui">
      <UniqueIdentifier>{d117227d-12ab-4b42-84fe-45e33d78e9c2}</UniqueIdentifier>
    </Filter>
    <Filter Include="Header Files\widgets">
      <UniqueIdentifier>{c319ee5e-e1c0-47a6-8ebe-99c08dda0491}</UniqueIdentifier>
    </Filter>
    <Filter Include="Source Files\widgets">
      <UniqueIdentifier>{ca967a58-f2d6-4dd2-8896-d9951b2f6538}</UniqueIdentifier>
    </Filter>
  </ItemGroup>
  <ItemGroup>
    <ClCompile Include="src\CCaption.cpp">
      <Filter>Source Files</Filter>
    </ClCompile>
    <ClCompile Include="src\CCaptionManager.cpp">
      <Filter>Source Files</Filter>
    </ClCompile>
    <ClCompile Include="src\CCss.cpp">
      <Filter>Source Files</Filter>
    </ClCompile>
    <ClCompile Include="src\CPhoto.cpp">
      <Filter>Source Files</Filter>
    </ClCompile>
    <ClCompile Include="src\CPhotoDatabase.cpp">
      <Filter>Source Files</Filter>
    </ClCompile>
    <ClCompile Include="src\CPhotoFeederDirectory.cpp">
      <Filter>Source Files</Filter>
    </ClCompile>
    <ClCompile Include="src\CPhotoProperties.cpp">
      <Filter>Source Files</Filter>
    </ClCompile>
    <ClCompile Include="src\CProjectParameters.cpp">
      <Filter>Source Files</Filter>
    </ClCompile>
    <ClCompile Include="src\CSkinParameters.cpp">
      <Filter>Source Files</Filter>
    </ClCompile>
    <ClCompile Include="src\CTaggedString.cpp">
      <Filter>Source Files</Filter>
    </ClCompile>
    <ClCompile Include="src\CThumbnailLoader.cpp">
      <Filter>Source Files</Filter>
    </ClCompile>
    <ClCompile Include="src\Json.cpp">
      <Filter>Source Files</Filter>
    </ClCompile>
    <ClCompile Include="src\main.cpp">
      <Filter>Source Files</Filter>
    </ClCompile>
    <ClCompile Include="build\.moc\moc_CCaptionManager.cpp">
      <Filter>Generated Files</Filter>
    </ClCompile>
    <ClCompile Include="build\.moc\moc_CColorPicker.cpp">
      <Filter>Generated Files</Filter>
    </ClCompile>
    <ClCompile Include="build\.moc\moc_CError.cpp">
      <Filter>Generated Files</Filter>
    </ClCompile>
    <ClCompile Include="build\.moc\moc_CGalleryGenerator.cpp">
      <Filter>Generated Files</Filter>
    </ClCompile>
    <ClCompile Include="build\.moc\moc_CImagePicker.cpp">
      <Filter>Generated Files</Filter>
    </ClCompile>
    <ClCompile Include="build\.moc\moc_CLanguageManager.cpp">
      <Filter>Generated Files</Filter>
    </ClCompile>
    <ClCompile Include="build\.moc\moc_CLogger.cpp">
      <Filter>Generated Files</Filter>
    </ClCompile>
    <ClCompile Include="build\.moc\moc_CMessage.cpp">
      <Filter>Generated Files</Filter>
    </ClCompile>
    <ClCompile Include="build\.moc\moc_CPhotoDatabase.cpp">
      <Filter>Generated Files</Filter>
    </ClCompile>
    <ClCompile Include="build\.moc\moc_CPhotoProperties.cpp">
      <Filter>Generated Files</Filter>
    </ClCompile>
    <ClCompile Include="build\.moc\moc_CProjectParameters.cpp">
      <Filter>Generated Files</Filter>
    </ClCompile>
    <ClCompile Include="build\.moc\moc_CSkinParameters.cpp">
      <Filter>Generated Files</Filter>
    </ClCompile>
    <ClCompile Include="build\.moc\moc_CTerminalUi.cpp">
      <Filter>Generated Files</Filter>
    </ClCompile>
    <ClCompile Include="build\.moc\moc_CThumbnailLoader.cpp">
      <Filter>Generated Files</Filter>
    </ClCompile>
    <ClCompile Include="build\.moc\moc_CWarning.cpp">
      <Filter>Generated Files</Filter>
    </ClCompile>
    <ClCompile Include="build\.moc\moc_IMessage.cpp">
      <Filter>Generated Files</Filter>
    </ClCompile>
    <ClCompile Include="build\.moc\moc_IPhotoFeeder.cpp">
      <Filter>Generated Files</Filter>
    </ClCompile>
    <ClCompile Include="build\.moc\moc_WinConfigure.cpp">
      <Filter>Generated Files</Filter>
    </ClCompile>
    <ClCompile Include="build\.moc\moc_WinSkinDesigner.cpp">
      <Filter>Generated Files</Filter>
    </ClCompile>
    <ClCompile Include="build\.moc\moc_mainwin.cpp">
      <Filter>Generated Files</Filter>
    </ClCompile>
    <ClCompile Include="build\.GeneratedFiles\qrc_GalleryDesigner.cpp">
      <Filter>Generated Files</Filter>
    </ClCompile>
    <ClCompile Include="src\generation\CDirChecker.cpp">
      <Filter>Source Files\generation</Filter>
    </ClCompile>
    <ClCompile Include="src\generation\CGalleryGenerator.cpp">
      <Filter>Source Files\generation</Filter>
    </ClCompile>
    <ClCompile Include="src\generation\CGalleryGeneratorFeeder.cpp">
      <Filter>Source Files\generation</Filter>
    </ClCompile>
    <ClCompile Include="src\generation\CToolbar.cpp">
      <Filter>Source Files\generation</Filter>
    </ClCompile>
    <ClCompile Include="src\global\CError.cpp">
      <Filter>Source Files\global</Filter>
    </ClCompile>
    <ClCompile Include="src\global\CLogger.cpp">
      <Filter>Source Files\global</Filter>
    </ClCompile>
    <ClCompile Include="src\global\CMessage.cpp">
      <Filter>Source Files\global</Filter>
    </ClCompile>
    <ClCompile Include="src\global\CPlatform.cpp">
      <Filter>Source Files\global</Filter>
    </ClCompile>
    <ClCompile Include="src\global\CWarning.cpp">
      <Filter>Source Files\global</Filter>
    </ClCompile>
    <ClCompile Include="src\ui\CLanguageManager.cpp">
      <Filter>Source Files\ui</Filter>
    </ClCompile>
    <ClCompile Include="src\ui\CTerminalUi.cpp">
      <Filter>Source Files\ui</Filter>
    </ClCompile>
    <ClCompile Include="src\ui\mainwin.cpp">
      <Filter>Source Files\ui</Filter>
    </ClCompile>
    <ClCompile Include="src\ui\WinConfigure.cpp">
      <Filter>Source Files\ui</Filter>
    </ClCompile>
    <ClCompile Include="src\ui\WinSkinDesigner.cpp">
      <Filter>Source Files\ui</Filter>
    </ClCompile>
    <ClCompile Include="src\widgets\CColorPicker.cpp">
      <Filter>Source Files\widgets</Filter>
    </ClCompile>
    <ClCompile Include="src\widgets\CImagePicker.cpp">
      <Filter>Source Files\widgets</Filter>
    </ClCompile>
    <ClCompile Include="build\.moc\moc_WinPreview.cpp">
      <Filter>Generated Files</Filter>
    </ClCompile>
    <ClCompile Include="src\ui\WinPreview.cpp">
      <Filter>Source Files\ui</Filter>
    </ClCompile>
    <ClCompile Include="build\.moc\moc_CPhotoProcessor.cpp">
      <Filter>Generated Files</Filter>
    </ClCompile>
    <ClCompile Include="src\generation\CPhotoProcessor.cpp">
      <Filter>Source Files\generation</Filter>
    </ClCompile>
  </ItemGroup>
  <ItemGroup>
    <ClInclude Include="src\CCaption.h">
      <Filter>Header Files</Filter>
    </ClInclude>
    <CustomBuild Include="src\CCaptionManager.h">
      <Filter>Header Files</Filter>
    </CustomBuild>
    <ClInclude Include="src\CCss.h">
      <Filter>Header Files</Filter>
    </ClInclude>
    <ClInclude Include="src\CPhoto.h">
      <Filter>Header Files</Filter>
    </ClInclude>
    <CustomBuild Include="src\CPhotoDatabase.h">
      <Filter>Header Files</Filter>
    </CustomBuild>
    <ClInclude Include="src\CPhotoFeederDirectory.h">
      <Filter>Header Files</Filter>
    </ClInclude>
    <CustomBuild Include="src\CPhotoProperties.h">
      <Filter>Header Files</Filter>
    </CustomBuild>
    <CustomBuild Include="src\CProjectParameters.h">
      <Filter>Header Files</Filter>
    </CustomBuild>
    <CustomBuild Include="src\CSkinParameters.h">
      <Filter>Header Files</Filter>
    </CustomBuild>
    <ClInclude Include="src\CTaggedString.h">
      <Filter>Header Files</Filter>
    </ClInclude>
    <CustomBuild Include="src\CThumbnailLoader.h">
      <Filter>Header Files</Filter>
    </CustomBuild>
    <ClInclude Include="src\global\GlobalDefinitions.h">
      <Filter>Header Files</Filter>
    </ClInclude>
    <ClInclude Include="src\IParameters.h">
      <Filter>Header Files</Filter>
    </ClInclude>
    <CustomBuild Include="src\IPhotoFeeder.h">
      <Filter>Header Files</Filter>
    </CustomBuild>
    <ClInclude Include="src\Json.h">
      <Filter>Header Files</Filter>
    </ClInclude>
    <ClInclude Include="build\.GeneratedFiles\ui_WinConfigure.h">
      <Filter>Generated Files</Filter>
    </ClInclude>
    <ClInclude Include="build\.GeneratedFiles\ui_WinSkinDesigner.h">
      <Filter>Generated Files</Filter>
    </ClInclude>
    <ClInclude Include="build\.GeneratedFiles\ui_mainwin.h">
      <Filter>Generated Files</Filter>
    </ClInclude>
    <ClInclude Include="src\generation\CDirChecker.h">
      <Filter>Header Files\generation</Filter>
    </ClInclude>
    <ClInclude Include="src\generation\CGalleryGeneratorFeeder.h">
      <Filter>Header Files\generation</Filter>
    </ClInclude>
    <ClInclude Include="src\generation\CToolbar.h">
      <Filter>Header Files\generation</Filter>
    </ClInclude>
    <ClInclude Include="src\global\CPlatform.h">
      <Filter>Header Files\global</Filter>
    </ClInclude>
    <ClInclude Include="src\ui\CPhotosListView.h">
      <Filter>Header Files\ui</Filter>
    </ClInclude>
    <ClInclude Include="src\ui\IUserInterface.h">
      <Filter>Header Files\ui</Filter>
    </ClInclude>
    <ClInclude Include="build\.GeneratedFiles\ui_WinPreview.h">
      <Filter>Generated Files</Filter>
    </ClInclude>
  </ItemGroup>
  <ItemGroup>
    <None Include="src\resources\languages\GalleryDesigner_en.ts">
      <Filter>Translation Files</Filter>
    </None>
    <None Include="src\resources\languages\GalleryDesigner_fr.ts">
      <Filter>Translation Files</Filter>
    </None>
  </ItemGroup>
  <ItemGroup>
    <CustomBuild Include="src\ui\WinConfigure.ui">
      <Filter>Form Files</Filter>
    </CustomBuild>
    <CustomBuild Include="src\ui\WinSkinDesigner.ui">
      <Filter>Form Files</Filter>
    </CustomBuild>
    <CustomBuild Include="src\ui\mainwin.ui">
      <Filter>Form Files</Filter>
    </CustomBuild>
    <CustomBuild Include="src\generation\CGalleryGenerator.h">
      <Filter>Header Files\generation</Filter>
    </CustomBuild>
    <CustomBuild Include="src\global\CError.h">
      <Filter>Header Files\global</Filter>
    </CustomBuild>
    <CustomBuild Include="src\global\CLogger.h">
      <Filter>Header Files\global</Filter>
    </CustomBuild>
    <CustomBuild Include="src\global\CMessage.h">
      <Filter>Header Files\global</Filter>
    </CustomBuild>
    <CustomBuild Include="src\global\CWarning.h">
      <Filter>Header Files\global</Filter>
    </CustomBuild>
    <CustomBuild Include="src\global\IMessage.h">
      <Filter>Header Files\global</Filter>
    </CustomBuild>
    <CustomBuild Include="src\ui\CLanguageManager.h">
      <Filter>Header Files\ui</Filter>
    </CustomBuild>
    <CustomBuild Include="src\ui\CTerminalUi.h">
      <Filter>Header Files\ui</Filter>
    </CustomBuild>
    <CustomBuild Include="src\ui\mainwin.h">
      <Filter>Header Files\ui</Filter>
    </CustomBuild>
    <CustomBuild Include="src\ui\WinConfigure.h">
      <Filter>Header Files\ui</Filter>
    </CustomBuild>
    <CustomBuild Include="src\ui\WinSkinDesigner.h">
      <Filter>Header Files\ui</Filter>
    </CustomBuild>
    <CustomBuild Include="src\widgets\CColorPicker.h">
      <Filter>Header Files\widgets</Filter>
    </CustomBuild>
    <CustomBuild Include="src\widgets\CImagePicker.h">
      <Filter>Header Files\widgets</Filter>
    </CustomBuild>
    <CustomBuild Include="src\ui\WinPreview.ui">
      <Filter>Form Files</Filter>
    </CustomBuild>
    <CustomBuild Include="src\ui\WinPreview.h">
      <Filter>Header Files\ui</Filter>
    </CustomBuild>
    <CustomBuild Include="src\generation\CPhotoProcessor.h">
      <Filter>Header Files\generation</Filter>
    </CustomBuild>
  </ItemGroup>
  <ItemGroup>
    <CustomBuild Include="src\resources\GalleryDesigner.qrc">
      <Filter>Resource Files</Filter>
    </CustomBuild>
    <None Include="src\resources\languages\GalleryDesigner_en.qm">
      <Filter>Resource Files</Filter>
    </None>
    <None Include="src\resources\languages\GalleryDesigner_fr.qm">
      <Filter>Resource Files</Filter>
    </None>
    <None Include="src\resources\text\aboutImageMagick.html">
      <Filter>Resource Files</Filter>
    </None>
    <None Include="src\resources\text\translatable\about_en.html">
      <Filter>Resource Files</Filter>
    </None>
    <None Include="src\resources\text\translatable\about_fr.html">
      <Filter>Resource Files</Filter>
    </None>
    <None Include="src\resources\images\arrow-left-2.png">
      <Filter>Resource Files</Filter>
    </None>
    <None Include="src\resources\images\arrow-right-2.png">
      <Filter>Resource Files</Filter>
    </None>
    <None Include="src\resources\images\smileys\bad.gif">
      <Filter>Resource Files</Filter>
    </None>
    <None Include="src\resources\images\configure.png">
      <Filter>Resource Files</Filter>
    </None>
    <None Include="src\resources\images\smileys\crying.gif">
      <Filter>Resource Files</Filter>
    </None>
    <None Include="src\resources\images\dialog-ok.png">
      <Filter>Resource Files</Filter>
    </None>
    <None Include="src\resources\images\document-close-2.png">
      <Filter>Resource Files</Filter>
    </None>
    <None Include="src\resources\images\document-edit.png">
      <Filter>Resource Files</Filter>
    </None>
    <None Include="src\resources\images\document-new.png">
      <Filter>Resource Files</Filter>
    </None>
    <None Include="src\resources\images\document-open-2.png">
      <Filter>Resource Files</Filter>
    </None>
    <None Include="src\resources\images\document-save-3.png">
      <Filter>Resource Files</Filter>
    </None>
    <None Include="src\resources\images\document-save-as-3.png">
      <Filter>Resource Files</Filter>
    </None>
    <None Include="src\resources\images\smileys\embarassed.gif">
      <Filter>Resource Files</Filter>
    </None>
    <None Include="src\resources\images\smileys\evil.gif">
      <Filter>Resource Files</Filter>
    </None>
    <None Include="src\resources\images\face-smile-gearhead-male.png">
      <Filter>Resource Files</Filter>
    </None>
    <None Include="src\resources\images\flag-fr.png">
      <Filter>Resource Files</Filter>
    </None>
    <None Include="src\resources\images\flag-gb.png">
      <Filter>Resource Files</Filter>
    </None>
    <None Include="src\resources\images\smileys\good.gif">
      <Filter>Resource Files</Filter>
    </None>
    <None Include="src\resources\images\help-about-2.png">
      <Filter>Resource Files</Filter>
    </None>
    <None Include="src\resources\images\help-contents-5.png">
      <Filter>Resource Files</Filter>
    </None>
    <None Include="src\resources\images\icon_GalleryDesigner.png">
      <Filter>Resource Files</Filter>
    </None>
    <None Include="src\resources\images\imagemagick-logo.png">
      <Filter>Resource Files</Filter>
    </None>
    <None Include="src\resources\images\smileys\kiss.gif">
      <Filter>Resource Files</Filter>
    </None>
    <None Include="src\resources\images\smileys\laugh.gif">
      <Filter>Resource Files</Filter>
    </None>
    <None Include="src\resources\images\smileys\love.gif">
      <Filter>Resource Files</Filter>
    </None>
    <None Include="src\resources\images\qt-logo.png">
      <Filter>Resource Files</Filter>
    </None>
    <None Include="src\resources\images\smileys\sad.gif">
      <Filter>Resource Files</Filter>
    </None>
    <None Include="src\resources\images\smileys\skeptical.gif">
      <Filter>Resource Files</Filter>
    </None>
    <None Include="src\resources\images\smileys\smile.gif">
      <Filter>Resource Files</Filter>
    </None>
    <None Include="src\resources\images\smileys\surprise.gif">
      <Filter>Resource Files</Filter>
    </None>
    <None Include="src\resources\text\translatable\tagList_en.html">
      <Filter>Resource Files</Filter>
    </None>
    <None Include="src\resources\text\translatable\tagList_fr.html">
      <Filter>Resource Files</Filter>
    </None>
    <None Include="src\resources\images\text-x-authors.png">
      <Filter>Resource Files</Filter>
    </None>
    <None Include="src\resources\images\smileys\tongue.gif">
      <Filter>Resource Files</Filter>
    </None>
    <None Include="src\resources\images\utilities-terminal.png">
      <Filter>Resource Files</Filter>
    </None>
    <None Include="src\resources\images\view-refresh-3.png">
      <Filter>Resource Files</Filter>
    </None>
    <None Include="src\resources\images\smileys\wink.gif">
      <Filter>Resource Files</Filter>
    </None>
  </ItemGroup>
  <ItemGroup>
    <ResourceCompile Include="src\resources\win32\GalleryDesigner.rc" />
  </ItemGroup>
</Project>